
Microsoft Visual Studio Solution File, Format Version 12.00
# Visual Studio Version 17
VisualStudioVersion = 17.14.36518.9 d17.14
MinimumVisualStudioVersion = 10.0.40219.1
Project("{FAE04EC0-301F-11D3-BF4B-00C04F79EFBC}") = "Zachet_Mirzaeva", "Zachet_Mirzaeva\Zachet_Mirzaeva.csproj", "{C8CF1D88-0C61-4BAD-9A69-2C605D7A44B2}"
EndProject
Global
	GlobalSection(SolutionConfigurationPlatforms) = preSolution
		Debug|Any CPU = Debug|Any CPU
		Release|Any CPU = Release|Any CPU
	EndGlobalSection
	GlobalSection(ProjectConfigurationPlatforms) = postSolution
		{C8CF1D88-0C61-4BAD-9A69-2C605D7A44B2}.Debug|Any CPU.ActiveCfg = Debug|Any CPU
		{C8CF1D88-0C61-4BAD-9A69-2C605D7A44B2}.Debug|Any CPU.Build.0 = Debug|Any CPU
		{C8CF1D88-0C61-4BAD-9A69-2C605D7A44B2}.Release|Any CPU.ActiveCfg = Release|Any CPU
		{C8CF1D88-0C61-4BAD-9A69-2C605D7A44B2}.Release|Any CPU.Build.0 = Release|Any CPU
	EndGlobalSection
	GlobalSection(SolutionProperties) = preSolution
		HideSolutionNode = FALSE
	EndGlobalSection
	GlobalSection(ExtensibilityGlobals) = postSolution
		SolutionGuid = {B3CDA866-5714-4B77-92A0-BA0DAE46C1D2}
	EndGlobalSection
EndGlobal
